
Microsoft Visual Studio Solution File, Format Version 12.00
# Visual Studio Version 16
VisualStudioVersion = 16.0.30128.74
MinimumVisualStudioVersion = 10.0.40219.1
Project("{FAE04EC0-301F-11D3-BF4B-00C04F79EFBC}") = "App1_ConsutarCEP.UWP", "App1_ConsutarCEP\App1_ConsutarCEP.UWP\App1_ConsutarCEP.UWP.csproj", "{DA747C3B-48CE-4564-A1DD-DEA31427E159}"
EndProject
Project("{FAE04EC0-301F-11D3-BF4B-00C04F79EFBC}") = "App1_ConsutarCEP.Android", "App1_ConsutarCEP\App1_ConsutarCEP.Android\App1_ConsutarCEP.Android.csproj", "{70C4E5E2-892A-4493-8EA8-12624A4F709C}"
EndProject
Project("{FAE04EC0-301F-11D3-BF4B-00C04F79EFBC}") = "App1_ConsutarCEP.iOS", "App1_ConsutarCEP\App1_ConsutarCEP.iOS\App1_ConsutarCEP.iOS.csproj", "{7C564BFF-4E75-4058-AA84-FFC851BCBC84}"
EndProject
Project("{FAE04EC0-301F-11D3-BF4B-00C04F79EFBC}") = "App1_ConsutarCEP", "App1_ConsutarCEP\App1_ConsutarCEP\App1_ConsutarCEP.csproj", "{E8C36CB4-1E02-4144-9A70-07B370A862B0}"
EndProject
Global
	GlobalSection(SolutionConfigurationPlatforms) = preSolution
		Debug|Any CPU = Debug|Any CPU
		Debug|ARM = Debug|ARM
		Debug|iPhone = Debug|iPhone
		Debug|iPhoneSimulator = Debug|iPhoneSimulator
		Debug|x64 = Debug|x64
		Debug|x86 = Debug|x86
		Release|Any CPU = Release|Any CPU
		Release|ARM = Release|ARM
		Release|iPhone = Release|iPhone
		Release|iPhoneSimulator = Release|iPhoneSimulator
		Release|x64 = Release|x64
		Release|x86 = Release|x86
	EndGlobalSection
	GlobalSection(ProjectConfigurationPlatforms) = postSolution
		{DA747C3B-48CE-4564-A1DD-DEA31427E159}.Debug|Any CPU.ActiveCfg = Debug|x86
		{DA747C3B-48CE-4564-A1DD-DEA31427E159}.Debug|Any CPU.Build.0 = Debug|x86
		{DA747C3B-48CE-4564-A1DD-DEA31427E159}.Debug|Any CPU.Deploy.0 = Debug|x86
		{DA747C3B-48CE-4564-A1DD-DEA31427E159}.Debug|ARM.ActiveCfg = Debug|ARM
		{DA747C3B-48CE-4564-A1DD-DEA31427E159}.Debug|ARM.Build.0 = Debug|ARM
		{DA747C3B-48CE-4564-A1DD-DEA31427E159}.Debug|ARM.Deploy.0 = Debug|ARM
		{DA747C3B-48CE-4564-A1DD-DEA31427E159}.Debug|iPhone.ActiveCfg = Debug|x86
		{DA747C3B-48CE-4564-A1DD-DEA31427E159}.Debug|iPhone.Build.0 = Debug|x86
		{DA747C3B-48CE-4564-A1DD-DEA31427E159}.Debug|iPhone.Deploy.0 = Debug|x86
		{DA747C3B-48CE-4564-A1DD-DEA31427E159}.Debug|iPhoneSimulator.ActiveCfg = Debug|x86
		{DA747C3B-48CE-4564-A1DD-DEA31427E159}.Debug|iPhoneSimulator.Build.0 = Debug|x86
		{DA747C3B-48CE-4564-A1DD-DEA31427E159}.Debug|iPhoneSimulator.Deploy.0 = Debug|x86
		{DA747C3B-48CE-4564-A1DD-DEA31427E159}.Debug|x64.ActiveCfg = Debug|x64
		{DA747C3B-48CE-4564-A1DD-DEA31427E159}.Debug|x64.Build.0 = Debug|x64
		{DA747C3B-48CE-4564-A1DD-DEA31427E159}.Debug|x64.Deploy.0 = Debug|x64
		{DA747C3B-48CE-4564-A1DD-DEA31427E159}.Debug|x86.ActiveCfg = Debug|x86
		{DA747C3B-48CE-4564-A1DD-DEA31427E159}.Debug|x86.Build.0 = Debug|x86
		{DA747C3B-48CE-4564-A1DD-DEA31427E159}.Debug|x86.Deploy.0 = Debug|x86
		{DA747C3B-48CE-4564-A1DD-DEA31427E159}.Release|Any CPU.ActiveCfg = Release|x86
		{DA747C3B-48CE-4564-A1DD-DEA31427E159}.Release|Any CPU.Build.0 = Release|x86
		{DA747C3B-48CE-4564-A1DD-DEA31427E159}.Release|Any CPU.Deploy.0 = Release|x86
		{DA747C3B-48CE-4564-A1DD-DEA31427E159}.Release|ARM.ActiveCfg = Release|ARM
		{DA747C3B-48CE-4564-A1DD-DEA31427E159}.Release|ARM.Build.0 = Release|ARM
		{DA747C3B-48CE-4564-A1DD-DEA31427E159}.Release|ARM.Deploy.0 = Release|ARM
		{DA747C3B-48CE-4564-A1DD-DEA31427E159}.Release|iPhone.ActiveCfg = Release|x86
		{DA747C3B-48CE-4564-A1DD-DEA31427E159}.Release|iPhone.Build.0 = Release|x86
		{DA747C3B-48CE-4564-A1DD-DEA31427E159}.Release|iPhone.Deploy.0 = Release|x86
		{DA747C3B-48CE-4564-A1DD-DEA31427E159}.Release|iPhoneSimulator.ActiveCfg = Release|x86
		{DA747C3B-48CE-4564-A1DD-DEA31427E159}.Release|iPhoneSimulator.Build.0 = Release|x86
		{DA747C3B-48CE-4564-A1DD-DEA31427E159}.Release|iPhoneSimulator.Deploy.0 = Release|x86
		{DA747C3B-48CE-4564-A1DD-DEA31427E159}.Release|x64.ActiveCfg = Release|x64
		{DA747C3B-48CE-4564-A1DD-DEA31427E159}.Release|x64.Build.0 = Release|x64
		{DA747C3B-48CE-4564-A1DD-DEA31427E159}.Release|x64.Deploy.0 = Release|x64
		{DA747C3B-48CE-4564-A1DD-DEA31427E159}.Release|x86.ActiveCfg = Release|x86
		{DA747C3B-48CE-4564-A1DD-DEA31427E159}.Release|x86.Build.0 = Release|x86
		{DA747C3B-48CE-4564-A1DD-DEA31427E159}.Release|x86.Deploy.0 = Release|x86
		{70C4E5E2-892A-4493-8EA8-12624A4F709C}.Debug|Any CPU.ActiveCfg = Debug|Any CPU
		{70C4E5E2-892A-4493-8EA8-12624A4F709C}.Debug|Any CPU.Build.0 = Debug|Any CPU
		{70C4E5E2-892A-4493-8EA8-12624A4F709C}.Debug|Any CPU.Deploy.0 = Debug|Any CPU
		{70C4E5E2-892A-4493-8EA8-12624A4F709C}.Debug|ARM.ActiveCfg = Debug|Any CPU
		{70C4E5E2-892A-4493-8EA8-12624A4F709C}.Debug|ARM.Build.0 = Debug|Any CPU
		{70C4E5E2-892A-4493-8EA8-12624A4F709C}.Debug|ARM.Deploy.0 = Debug|Any CPU
		{70C4E5E2-892A-4493-8EA8-12624A4F709C}.Debug|iPhone.ActiveCfg = Debug|Any CPU
		{70C4E5E2-892A-4493-8EA8-12624A4F709C}.Debug|iPhone.Build.0 = Debug|Any CPU
		{70C4E5E2-892A-4493-8EA8-12624A4F709C}.Debug|iPhone.Deploy.0 = Debug|Any CPU
		{70C4E5E2-892A-4493-8EA8-12624A4F709C}.Debug|iPhoneSimulator.ActiveCfg = Debug|Any CPU
		{70C4E5E2-892A-4493-8EA8-12624A4F709C}.Debug|iPhoneSimulator.Build.0 = Debug|Any CPU
		{70C4E5E2-892A-4493-8EA8-12624A4F709C}.Debug|iPhoneSimulator.Deploy.0 = Debug|Any CPU
		{70C4E5E2-892A-4493-8EA8-12624A4F709C}.Debug|x64.ActiveCfg = Debug|Any CPU
		{70C4E5E2-892A-4493-8EA8-12624A4F709C}.Debug|x64.Build.0 = Debug|Any CPU
		{70C4E5E2-892A-4493-8EA8-12624A4F709C}.Debug|x64.Deploy.0 = Debug|Any CPU
		{70C4E5E2-892A-4493-8EA8-12624A4F709C}.Debug|x86.ActiveCfg = Debug|Any CPU
		{70C4E5E2-892A-4493-8EA8-12624A4F709C}.Debug|x86.Build.0 = Debug|Any CPU
		{70C4E5E2-892A-4493-8EA8-12624A4F709C}.Debug|x86.Deploy.0 = Debug|Any CPU
		{70C4E5E2-892A-4493-8EA8-12624A4F709C}.Release|Any CPU.ActiveCfg = Release|Any CPU
		{70C4E5E2-892A-4493-8EA8-12624A4F709C}.Release|Any CPU.Build.0 = Release|Any CPU
		{70C4E5E2-892A-4493-8EA8-12624A4F709C}.Release|Any CPU.Deploy.0 = Release|Any CPU
		{70C4E5E2-892A-4493-8EA8-12624A4F709C}.Release|ARM.ActiveCfg = Release|Any CPU
		{70C4E5E2-892A-4493-8EA8-12624A4F709C}.Release|ARM.Build.0 = Release|Any CPU
		{70C4E5E2-892A-4493-8EA8-12624A4F709C}.Release|ARM.Deploy.0 = Release|Any CPU
		{70C4E5E2-892A-4493-8EA8-12624A4F709C}.Release|iPhone.ActiveCfg = Release|Any CPU
		{70C4E5E2-892A-4493-8EA8-12624A4F709C}.Release|iPhone.Build.0 = Release|Any CPU
		{70C4E5E2-892A-4493-8EA8-12624A4F709C}.Release|iPhone.Deploy.0 = Release|Any CPU
		{70C4E5E2-892A-4493-8EA8-12624A4F709C}.Release|iPhoneSimulator.ActiveCfg = Release|Any CPU
		{70C4E5E2-892A-4493-8EA8-12624A4F709C}.Release|iPhoneSimulator.Build.0 = Release|Any CPU
		{70C4E5E2-892A-4493-8EA8-12624A4F709C}.Release|iPhoneSimulator.Deploy.0 = Release|Any CPU
		{70C4E5E2-892A-4493-8EA8-12624A4F709C}.Release|x64.ActiveCfg = Release|Any CPU
		{70C4E5E2-892A-4493-8EA8-12624A4F709C}.Release|x64.Build.0 = Release|Any CPU
		{70C4E5E2-892A-4493-8EA8-12624A4F709C}.Release|x64.Deploy.0 = Release|Any CPU
		{70C4E5E2-892A-4493-8EA8-12624A4F709C}.Release|x86.ActiveCfg = Release|Any CPU
		{70C4E5E2-892A-4493-8EA8-12624A4F709C}.Release|x86.Build.0 = Release|Any CPU
		{70C4E5E2-892A-4493-8EA8-12624A4F709C}.Release|x86.Deploy.0 = Release|Any CPU
		{7C564BFF-4E75-4058-AA84-FFC851BCBC84}.Debug|Any CPU.ActiveCfg = Debug|iPhone
		{7C564BFF-4E75-4058-AA84-FFC851BCBC84}.Debug|Any CPU.Build.0 = Debug|iPhone
		{7C564BFF-4E75-4058-AA84-FFC851BCBC84}.Debug|Any CPU.Deploy.0 = Debug|iPhone
		{7C564BFF-4E75-4058-AA84-FFC851BCBC84}.Debug|ARM.ActiveCfg = Debug|iPhone
		{7C564BFF-4E75-4058-AA84-FFC851BCBC84}.Debug|ARM.Build.0 = Debug|iPhone
		{7C564BFF-4E75-4058-AA84-FFC851BCBC84}.Debug|ARM.Deploy.0 = Debug|iPhone
		{7C564BFF-4E75-4058-AA84-FFC851BCBC84}.Debug|iPhone.ActiveCfg = Debug|iPhone
		{7C564BFF-4E75-4058-AA84-FFC851BCBC84}.Debug|iPhone.Build.0 = Debug|iPhone
		{7C564BFF-4E75-4058-AA84-FFC851BCBC84}.Debug|iPhone.Deploy.0 = Debug|iPhone
		{7C564BFF-4E75-4058-AA84-FFC851BCBC84}.Debug|iPhoneSimulator.ActiveCfg = Debug|iPhoneSimulator
		{7C564BFF-4E75-4058-AA84-FFC851BCBC84}.Debug|iPhoneSimulator.Build.0 = Debug|iPhoneSimulator
		{7C564BFF-4E75-4058-AA84-FFC851BCBC84}.Debug|iPhoneSimulator.Deploy.0 = Debug|iPhoneSimulator
		{7C564BFF-4E75-4058-AA84-FFC851BCBC84}.Debug|x64.ActiveCfg = Debug|iPhone
		{7C564BFF-4E75-4058-AA84-FFC851BCBC84}.Debug|x64.Build.0 = Debug|iPhone
		{7C564BFF-4E75-4058-AA84-FFC851BCBC84}.Debug|x64.Deploy.0 = Debug|iPhone
		{7C564BFF-4E75-4058-AA84-FFC851BCBC84}.Debug|x86.ActiveCfg = Debug|iPhone
		{7C564BFF-4E75-4058-AA84-FFC851BCBC84}.Debug|x86.Build.0 = Debug|iPhone
		{7C564BFF-4E75-4058-AA84-FFC851BCBC84}.Debug|x86.Deploy.0 = Debug|iPhone
		{7C564BFF-4E75-4058-AA84-FFC851BCBC84}.Release|Any CPU.ActiveCfg = Release|iPhone
		{7C564BFF-4E75-4058-AA84-FFC851BCBC84}.Release|Any CPU.Build.0 = Release|iPhone
		{7C564BFF-4E75-4058-AA84-FFC851BCBC84}.Release|Any CPU.Deploy.0 = Release|iPhone
		{7C564BFF-4E75-4058-AA84-FFC851BCBC84}.Release|ARM.ActiveCfg = Release|iPhone
		{7C564BFF-4E75-4058-AA84-FFC851BCBC84}.Release|ARM.Build.0 = Release|iPhone
		{7C564BFF-4E75-4058-AA84-FFC851BCBC84}.Release|ARM.Deploy.0 = Release|iPhone
		{7C564BFF-4E75-4058-AA84-FFC851BCBC84}.Release|iPhone.ActiveCfg = Release|iPhone
		{7C564BFF-4E75-4058-AA84-FFC851BCBC84}.Release|iPhone.Build.0 = Release|iPhone
		{7C564BFF-4E75-4058-AA84-FFC851BCBC84}.Release|iPhone.Deploy.0 = Release|iPhone
		{7C564BFF-4E75-4058-AA84-FFC851BCBC84}.Release|iPhoneSimulator.ActiveCfg = Release|iPhoneSimulator
		{7C564BFF-4E75-4058-AA84-FFC851BCBC84}.Release|iPhoneSimulator.Build.0 = Release|iPhoneSimulator
		{7C564BFF-4E75-4058-AA84-FFC851BCBC84}.Release|iPhoneSimulator.Deploy.0 = Release|iPhoneSimulator
		{7C564BFF-4E75-4058-AA84-FFC851BCBC84}.Release|x64.ActiveCfg = Release|iPhone
		{7C564BFF-4E75-4058-AA84-FFC851BCBC84}.Release|x64.Build.0 = Release|iPhone
		{7C564BFF-4E75-4058-AA84-FFC851BCBC84}.Release|x64.Deploy.0 = Release|iPhone
		{7C564BFF-4E75-4058-AA84-FFC851BCBC84}.Release|x86.ActiveCfg = Release|iPhone
		{7C564BFF-4E75-4058-AA84-FFC851BCBC84}.Release|x86.Build.0 = Release|iPhone
		{7C564BFF-4E75-4058-AA84-FFC851BCBC84}.Release|x86.Deploy.0 = Release|iPhone
		{E8C36CB4-1E02-4144-9A70-07B370A862B0}.Debug|Any CPU.ActiveCfg = Debug|Any CPU
		{E8C36CB4-1E02-4144-9A70-07B370A862B0}.Debug|Any CPU.Build.0 = Debug|Any CPU
		{E8C36CB4-1E02-4144-9A70-07B370A862B0}.Debug|Any CPU.Deploy.0 = Debug|Any CPU
		{E8C36CB4-1E02-4144-9A70-07B370A862B0}.Debug|ARM.ActiveCfg = Debug|Any CPU
		{E8C36CB4-1E02-4144-9A70-07B370A862B0}.Debug|ARM.Build.0 = Debug|Any CPU
		{E8C36CB4-1E02-4144-9A70-07B370A862B0}.Debug|ARM.Deploy.0 = Debug|Any CPU
		{E8C36CB4-1E02-4144-9A70-07B370A862B0}.Debug|iPhone.ActiveCfg = Debug|Any CPU
		{E8C36CB4-1E02-4144-9A70-07B370A862B0}.Debug|iPhone.Build.0 = Debug|Any CPU
		{E8C36CB4-1E02-4144-9A70-07B370A862B0}.Debug|iPhone.Deploy.0 = Debug|Any CPU
		{E8C36CB4-1E02-4144-9A70-07B370A862B0}.Debug|iPhoneSimulator.ActiveCfg = Debug|Any CPU
		{E8C36CB4-1E02-4144-9A70-07B370A862B0}.Debug|iPhoneSimulator.Build.0 = Debug|Any CPU
		{E8C36CB4-1E02-4144-9A70-07B370A862B0}.Debug|iPhoneSimulator.Deploy.0 = Debug|Any CPU
		{E8C36CB4-1E02-4144-9A70-07B370A862B0}.Debug|x64.ActiveCfg = Debug|Any CPU
		{E8C36CB4-1E02-4144-9A70-07B370A862B0}.Debug|x64.Build.0 = Debug|Any CPU
		{E8C36CB4-1E02-4144-9A70-07B370A862B0}.Debug|x64.Deploy.0 = Debug|Any CPU
		{E8C36CB4-1E02-4144-9A70-07B370A862B0}.Debug|x86.ActiveCfg = Debug|Any CPU
		{E8C36CB4-1E02-4144-9A70-07B370A862B0}.Debug|x86.Build.0 = Debug|Any CPU
		{E8C36CB4-1E02-4144-9A70-07B370A862B0}.Debug|x86.Deploy.0 = Debug|Any CPU
		{E8C36CB4-1E02-4144-9A70-07B370A862B0}.Release|Any CPU.ActiveCfg = Release|Any CPU
		{E8C36CB4-1E02-4144-9A70-07B370A862B0}.Release|Any CPU.Build.0 = Release|Any CPU
		{E8C36CB4-1E02-4144-9A70-07B370A862B0}.Release|Any CPU.Deploy.0 = Release|Any CPU
		{E8C36CB4-1E02-4144-9A70-07B370A862B0}.Release|ARM.ActiveCfg = Release|Any CPU
		{E8C36CB4-1E02-4144-9A70-07B370A862B0}.Release|ARM.Build.0 = Release|Any CPU
		{E8C36CB4-1E02-4144-9A70-07B370A862B0}.Release|ARM.Deploy.0 = Release|Any CPU
		{E8C36CB4-1E02-4144-9A70-07B370A862B0}.Release|iPhone.ActiveCfg = Release|Any CPU
		{E8C36CB4-1E02-4144-9A70-07B370A862B0}.Release|iPhone.Build.0 = Release|Any CPU
		{E8C36CB4-1E02-4144-9A70-07B370A862B0}.Release|iPhone.Deploy.0 = Release|Any CPU
		{E8C36CB4-1E02-4144-9A70-07B370A862B0}.Release|iPhoneSimulator.ActiveCfg = Release|Any CPU
		{E8C36CB4-1E02-4144-9A70-07B370A862B0}.Release|iPhoneSimulator.Build.0 = Release|Any CPU
		{E8C36CB4-1E02-4144-9A70-07B370A862B0}.Release|iPhoneSimulator.Deploy.0 = Release|Any CPU
		{E8C36CB4-1E02-4144-9A70-07B370A862B0}.Release|x64.ActiveCfg = Release|Any CPU
		{E8C36CB4-1E02-4144-9A70-07B370A862B0}.Release|x64.Build.0 = Release|Any CPU
		{E8C36CB4-1E02-4144-9A70-07B370A862B0}.Release|x64.Deploy.0 = Release|Any CPU
		{E8C36CB4-1E02-4144-9A70-07B370A862B0}.Release|x86.ActiveCfg = Release|Any CPU
		{E8C36CB4-1E02-4144-9A70-07B370A862B0}.Release|x86.Build.0 = Release|Any CPU
		{E8C36CB4-1E02-4144-9A70-07B370A862B0}.Release|x86.Deploy.0 = Release|Any CPU
	EndGlobalSection
	GlobalSection(SolutionProperties) = preSolution
		HideSolutionNode = FALSE
	EndGlobalSection
	GlobalSection(ExtensibilityGlobals) = postSolution
		SolutionGuid = {B1690312-0A72-4769-8853-EAEB2991BD53}
	EndGlobalSection
EndGlobal
